// !$*UTF8*$!
{
	archiveVersion = 1;
	classes = {
	};
	objectVersion = 48;
	objects = {

/* Begin PBXBuildFile section */
		13195E251FD05B4600C60533 /* HomeMenuViewController.swift in Sources */ = {isa = PBXBuildFile; fileRef = 13195E241FD05B4600C60533 /* HomeMenuViewController.swift */; };
		13195E281FD05DC500C60533 /* MapsViewController.swift in Sources */ = {isa = PBXBuildFile; fileRef = 13195E271FD05DC500C60533 /* MapsViewController.swift */; };
		13372E8C1FD0093400041A57 /* InforUserViewController.swift in Sources */ = {isa = PBXBuildFile; fileRef = 13372E8A1FD0093400041A57 /* InforUserViewController.swift */; };
		13372E8D1FD0093400041A57 /* InforUserViewController.xib in Resources */ = {isa = PBXBuildFile; fileRef = 13372E8B1FD0093400041A57 /* InforUserViewController.xib */; };
		13372E8F1FD009A300041A57 /* GetViewXib.swift in Sources */ = {isa = PBXBuildFile; fileRef = 13372E8E1FD009A300041A57 /* GetViewXib.swift */; };
		13372E951FD00C1200041A57 /* User.storyboard in Resources */ = {isa = PBXBuildFile; fileRef = 13372E941FD00C1200041A57 /* User.storyboard */; };
		13372E971FD00C3300041A57 /* EditInforUserViewController.swift in Sources */ = {isa = PBXBuildFile; fileRef = 13372E961FD00C3300041A57 /* EditInforUserViewController.swift */; };
		13372E9B1FD0118400041A57 /* SaveCurrentVC.swift in Sources */ = {isa = PBXBuildFile; fileRef = 13372E9A1FD0118400041A57 /* SaveCurrentVC.swift */; };
		1344BE041FD12E3000498108 /* LandForSaleViewController.swift in Sources */ = {isa = PBXBuildFile; fileRef = 1344BE031FD12E3000498108 /* LandForSaleViewController.swift */; };
		1344BE061FD12E4100498108 /* LandForSaleViewCell.swift in Sources */ = {isa = PBXBuildFile; fileRef = 1344BE051FD12E4100498108 /* LandForSaleViewCell.swift */; };
		1344BE091FD13EEF00498108 /* NewsLikeViewController.swift in Sources */ = {isa = PBXBuildFile; fileRef = 1344BE081FD13EEF00498108 /* NewsLikeViewController.swift */; };
		1344BE0C1FD1415B00498108 /* ProjectsViewController.swift in Sources */ = {isa = PBXBuildFile; fileRef = 1344BE0B1FD1415B00498108 /* ProjectsViewController.swift */; };
		1344BE0E1FD1417400498108 /* ProjectViewCell.swift in Sources */ = {isa = PBXBuildFile; fileRef = 1344BE0D1FD1417400498108 /* ProjectViewCell.swift */; };
		1344BE111FD143E900498108 /* ContactViewCell.swift in Sources */ = {isa = PBXBuildFile; fileRef = 1344BE101FD143E900498108 /* ContactViewCell.swift */; };
		1344BE131FD143F700498108 /* ContactsViewController.swift in Sources */ = {isa = PBXBuildFile; fileRef = 1344BE121FD143F700498108 /* ContactsViewController.swift */; };
		1344BE161FD1460C00498108 /* MenuHome.storyboard in Resources */ = {isa = PBXBuildFile; fileRef = 1344BE151FD1460C00498108 /* MenuHome.storyboard */; };
		1344BE181FD149D800498108 /* SearchContactViewController.swift in Sources */ = {isa = PBXBuildFile; fileRef = 1344BE171FD149D800498108 /* SearchContactViewController.swift */; };
		1344BE1F1FD14E2F00498108 /* SearchProjectsViewController.swift in Sources */ = {isa = PBXBuildFile; fileRef = 1344BE1E1FD14E2F00498108 /* SearchProjectsViewController.swift */; };
		1344BE211FD1558200498108 /* NewsViewController.swift in Sources */ = {isa = PBXBuildFile; fileRef = 1344BE201FD1558200498108 /* NewsViewController.swift */; };
		1344BE231FD1559200498108 /* NewsViewCell.swift in Sources */ = {isa = PBXBuildFile; fileRef = 1344BE221FD1559200498108 /* NewsViewCell.swift */; };
		1344BE261FD159CB00498108 /* PopupCategoryNewsViewCell.swift in Sources */ = {isa = PBXBuildFile; fileRef = 1344BE251FD159CB00498108 /* PopupCategoryNewsViewCell.swift */; };
		1344BE281FD159E000498108 /* PopupCategoryNewsViewController.swift in Sources */ = {isa = PBXBuildFile; fileRef = 1344BE271FD159E000498108 /* PopupCategoryNewsViewController.swift */; };
		1344BE2A1FD15E4B00498108 /* DetailNewsViewController.swift in Sources */ = {isa = PBXBuildFile; fileRef = 1344BE291FD15E4B00498108 /* DetailNewsViewController.swift */; };
		1344BE2C1FD15EEB00498108 /* ExtensionUILabel.swift in Sources */ = {isa = PBXBuildFile; fileRef = 1344BE2B1FD15EEB00498108 /* ExtensionUILabel.swift */; };
		1344BE2E1FD162F100498108 /* SearchLandForSaleViewController.swift in Sources */ = {isa = PBXBuildFile; fileRef = 1344BE2D1FD162F100498108 /* SearchLandForSaleViewController.swift */; };
		134E23DD1FD0F8CD005387B7 /* InforMapsViewController.swift in Sources */ = {isa = PBXBuildFile; fileRef = 134E23DC1FD0F8CD005387B7 /* InforMapsViewController.swift */; };
		139E645E1FCF030300117E0B /* AppDelegate.swift in Sources */ = {isa = PBXBuildFile; fileRef = 139E645D1FCF030300117E0B /* AppDelegate.swift */; };
		139E64601FCF030300117E0B /* ViewController.swift in Sources */ = {isa = PBXBuildFile; fileRef = 139E645F1FCF030300117E0B /* ViewController.swift */; };
		139E64631FCF030300117E0B /* Main.storyboard in Resources */ = {isa = PBXBuildFile; fileRef = 139E64611FCF030300117E0B /* Main.storyboard */; };
		139E64651FCF030300117E0B /* Assets.xcassets in Resources */ = {isa = PBXBuildFile; fileRef = 139E64641FCF030300117E0B /* Assets.xcassets */; };
		139E64681FCF030300117E0B /* LaunchScreen.storyboard in Resources */ = {isa = PBXBuildFile; fileRef = 139E64661FCF030300117E0B /* LaunchScreen.storyboard */; };
		139E64731FCF030300117E0B /* BDSTests.swift in Sources */ = {isa = PBXBuildFile; fileRef = 139E64721FCF030300117E0B /* BDSTests.swift */; };
		139E647E1FCF030300117E0B /* BDSUITests.swift in Sources */ = {isa = PBXBuildFile; fileRef = 139E647D1FCF030300117E0B /* BDSUITests.swift */; };
		139E64901FCF049400117E0B /* Result.swift in Sources */ = {isa = PBXBuildFile; fileRef = 139E648D1FCF049400117E0B /* Result.swift */; };
		139E64911FCF049400117E0B /* API.swift in Sources */ = {isa = PBXBuildFile; fileRef = 139E648E1FCF049400117E0B /* API.swift */; };
		139E64921FCF049400117E0B /* APIClient.swift in Sources */ = {isa = PBXBuildFile; fileRef = 139E648F1FCF049400117E0B /* APIClient.swift */; };
		139E64971FCF04BA00117E0B /* ExtensionDate.swift in Sources */ = {isa = PBXBuildFile; fileRef = 139E64941FCF04BA00117E0B /* ExtensionDate.swift */; };
		139E64981FCF04BA00117E0B /* ExtensionString.swift in Sources */ = {isa = PBXBuildFile; fileRef = 139E64951FCF04BA00117E0B /* ExtensionString.swift */; };
		139E64991FCF04BA00117E0B /* UIColorExtensions.swift in Sources */ = {isa = PBXBuildFile; fileRef = 139E64961FCF04BA00117E0B /* UIColorExtensions.swift */; };
		139E649F1FCF050300117E0B /* CustomUIView.swift in Sources */ = {isa = PBXBuildFile; fileRef = 139E649E1FCF050300117E0B /* CustomUIView.swift */; };
		139E64A11FCF076700117E0B /* ExtensionUIImageView.swift in Sources */ = {isa = PBXBuildFile; fileRef = 139E64A01FCF076700117E0B /* ExtensionUIImageView.swift */; };
		139E64A51FCF07C600117E0B /* MIDatePicker.swift in Sources */ = {isa = PBXBuildFile; fileRef = 139E64A31FCF07C600117E0B /* MIDatePicker.swift */; };
		139E64A61FCF07C600117E0B /* MIDatePicker.xib in Resources */ = {isa = PBXBuildFile; fileRef = 139E64A41FCF07C600117E0B /* MIDatePicker.xib */; };
		139E64AB1FCF07E500117E0B /* ModelPicker.swift in Sources */ = {isa = PBXBuildFile; fileRef = 139E64A81FCF07E500117E0B /* ModelPicker.swift */; };
		139E64AC1FCF07E500117E0B /* PickerView.swift in Sources */ = {isa = PBXBuildFile; fileRef = 139E64A91FCF07E500117E0B /* PickerView.swift */; };
		139E64AD1FCF07E500117E0B /* PickerView.xib in Resources */ = {isa = PBXBuildFile; fileRef = 139E64AA1FCF07E500117E0B /* PickerView.xib */; };
		139E64B11FCF07F800117E0B /* HeaderViewController.swift in Sources */ = {isa = PBXBuildFile; fileRef = 139E64AF1FCF07F800117E0B /* HeaderViewController.swift */; };
		139E64B21FCF07F800117E0B /* HeaderViewController.xib in Resources */ = {isa = PBXBuildFile; fileRef = 139E64B01FCF07F800117E0B /* HeaderViewController.xib */; };
		139E64B61FCF083900117E0B /* ItemViewCellMenu.swift in Sources */ = {isa = PBXBuildFile; fileRef = 139E64B51FCF083900117E0B /* ItemViewCellMenu.swift */; };
		139E64B91FCF084900117E0B /* ItemMenuObject.swift in Sources */ = {isa = PBXBuildFile; fileRef = 139E64B81FCF084900117E0B /* ItemMenuObject.swift */; };
		139E64BC1FCF085500117E0B /* RightMenuViewController.swift in Sources */ = {isa = PBXBuildFile; fileRef = 139E64BB1FCF085500117E0B /* RightMenuViewController.swift */; };
		139E64C11FCF088000117E0B /* SideMenuManager.swift in Sources */ = {isa = PBXBuildFile; fileRef = 139E64BE1FCF088000117E0B /* SideMenuManager.swift */; };
		139E64C21FCF088000117E0B /* SideMenuTransition.swift in Sources */ = {isa = PBXBuildFile; fileRef = 139E64BF1FCF088000117E0B /* SideMenuTransition.swift */; };
		139E64C31FCF088000117E0B /* UISideMenuNavigationController.swift in Sources */ = {isa = PBXBuildFile; fileRef = 139E64C01FCF088000117E0B /* UISideMenuNavigationController.swift */; };
		139E64C71FCF08C000117E0B /* LoginViewController.swift in Sources */ = {isa = PBXBuildFile; fileRef = 139E64C51FCF08BF00117E0B /* LoginViewController.swift */; };
		139E64C81FCF08C000117E0B /* ContainerViewController.swift in Sources */ = {isa = PBXBuildFile; fileRef = 139E64C61FCF08C000117E0B /* ContainerViewController.swift */; };
		139E64CC1FCF08DB00117E0B /* ContainerSingUpViewController.swift in Sources */ = {isa = PBXBuildFile; fileRef = 139E64CA1FCF08DB00117E0B /* ContainerSingUpViewController.swift */; };
		139E64CD1FCF08DB00117E0B /* SingUpViewController.swift in Sources */ = {isa = PBXBuildFile; fileRef = 139E64CB1FCF08DB00117E0B /* SingUpViewController.swift */; };
		139E64CF1FCF091800117E0B /* Login.storyboard in Resources */ = {isa = PBXBuildFile; fileRef = 139E64CE1FCF091800117E0B /* Login.storyboard */; };
		139E64D11FCF099700117E0B /* Register.storyboard in Resources */ = {isa = PBXBuildFile; fileRef = 139E64D01FCF099700117E0B /* Register.storyboard */; };
		13AB37631FCF9EA6000BA67D /* HomeViewController.swift in Sources */ = {isa = PBXBuildFile; fileRef = 13AB37611FCF9EA6000BA67D /* HomeViewController.swift */; };
		13AB37641FCF9EA6000BA67D /* TutorialPageViewController.swift in Sources */ = {isa = PBXBuildFile; fileRef = 13AB37621FCF9EA6000BA67D /* TutorialPageViewController.swift */; };
		13AB37661FCF9EAD000BA67D /* NaviHomeViewController.swift in Sources */ = {isa = PBXBuildFile; fileRef = 13AB37651FCF9EAD000BA67D /* NaviHomeViewController.swift */; };
		13AB37681FCF9FAC000BA67D /* NaviLoginViewController.swift in Sources */ = {isa = PBXBuildFile; fileRef = 13AB37671FCF9FAC000BA67D /* NaviLoginViewController.swift */; };
		13AB376C1FCFA056000BA67D /* BaseViewController.swift in Sources */ = {isa = PBXBuildFile; fileRef = 13AB376A1FCFA056000BA67D /* BaseViewController.swift */; };
		13AB376D1FCFA056000BA67D /* BaseTableViewController.swift in Sources */ = {isa = PBXBuildFile; fileRef = 13AB376B1FCFA056000BA67D /* BaseTableViewController.swift */; };
		13FB33121FD2C33C00FC5B55 /* ModelCity.swift in Sources */ = {isa = PBXBuildFile; fileRef = 13FB33111FD2C33C00FC5B55 /* ModelCity.swift */; };
		13FB33141FD2F0B800FC5B55 /* Util.swift in Sources */ = {isa = PBXBuildFile; fileRef = 13FB33131FD2F0B800FC5B55 /* Util.swift */; };
		13FB33161FD2FA2100FC5B55 /* GoogleService-Info.plist in Resources */ = {isa = PBXBuildFile; fileRef = 13FB33151FD2FA2100FC5B55 /* GoogleService-Info.plist */; };
		2A6A97D6285928BA06896700 /* Pods_BDS.framework in Frameworks */ = {isa = PBXBuildFile; fileRef = A82C875BBC16DE7D48AEA19F /* Pods_BDS.framework */; };
		7D1611BDE519527BFB3733E3 /* Pods_BDSUITests.framework in Frameworks */ = {isa = PBXBuildFile; fileRef = 13A027B7BA22F07E221AA08B /* Pods_BDSUITests.framework */; };
		FDF5F9EFC7884E57D38CD649 /* Pods_BDSTests.framework in Frameworks */ = {isa = PBXBuildFile; fileRef = B22BDC33268E63372188012D /* Pods_BDSTests.framework */; };
/* End PBXBuildFile section */

/* Begin PBXContainerItemProxy section */
		139E646F1FCF030300117E0B /* PBXContainerItemProxy */ = {
			isa = PBXContainerItemProxy;
			containerPortal = 139E64521FCF030300117E0B /* Project object */;
			proxyType = 1;
			remoteGlobalIDString = 139E64591FCF030300117E0B;
			remoteInfo = BDS;
		};
		139E647A1FCF030300117E0B /* PBXContainerItemProxy */ = {
			isa = PBXContainerItemProxy;
			containerPortal = 139E64521FCF030300117E0B /* Project object */;
			proxyType = 1;
			remoteGlobalIDString = 139E64591FCF030300117E0B;
			remoteInfo = BDS;
		};
/* End PBXContainerItemProxy section */

/* Begin PBXFileReference section */
		13195E241FD05B4600C60533 /* HomeMenuViewController.swift */ = {isa = PBXFileReference; lastKnownFileType = sourcecode.swift; path = HomeMenuViewController.swift; sourceTree = "<group>"; };
		13195E271FD05DC500C60533 /* MapsViewController.swift */ = {isa = PBXFileReference; lastKnownFileType = sourcecode.swift; path = MapsViewController.swift; sourceTree = "<group>"; };
		13372E8A1FD0093400041A57 /* InforUserViewController.swift */ = {isa = PBXFileReference; lastKnownFileType = sourcecode.swift; path = InforUserViewController.swift; sourceTree = "<group>"; };
		13372E8B1FD0093400041A57 /* InforUserViewController.xib */ = {isa = PBXFileReference; lastKnownFileType = file.xib; path = InforUserViewController.xib; sourceTree = "<group>"; };
		13372E8E1FD009A300041A57 /* GetViewXib.swift */ = {isa = PBXFileReference; lastKnownFileType = sourcecode.swift; path = GetViewXib.swift; sourceTree = "<group>"; };
		13372E941FD00C1200041A57 /* User.storyboard */ = {isa = PBXFileReference; lastKnownFileType = file.storyboard; path = User.storyboard; sourceTree = "<group>"; };
		13372E961FD00C3300041A57 /* EditInforUserViewController.swift */ = {isa = PBXFileReference; lastKnownFileType = sourcecode.swift; path = EditInforUserViewController.swift; sourceTree = "<group>"; };
		13372E9A1FD0118400041A57 /* SaveCurrentVC.swift */ = {isa = PBXFileReference; lastKnownFileType = sourcecode.swift; path = SaveCurrentVC.swift; sourceTree = "<group>"; };
		1344BE031FD12E3000498108 /* LandForSaleViewController.swift */ = {isa = PBXFileReference; lastKnownFileType = sourcecode.swift; path = LandForSaleViewController.swift; sourceTree = "<group>"; };
		1344BE051FD12E4100498108 /* LandForSaleViewCell.swift */ = {isa = PBXFileReference; lastKnownFileType = sourcecode.swift; path = LandForSaleViewCell.swift; sourceTree = "<group>"; };
		1344BE081FD13EEF00498108 /* NewsLikeViewController.swift */ = {isa = PBXFileReference; lastKnownFileType = sourcecode.swift; path = NewsLikeViewController.swift; sourceTree = "<group>"; };
		1344BE0B1FD1415B00498108 /* ProjectsViewController.swift */ = {isa = PBXFileReference; lastKnownFileType = sourcecode.swift; path = ProjectsViewController.swift; sourceTree = "<group>"; };
		1344BE0D1FD1417400498108 /* ProjectViewCell.swift */ = {isa = PBXFileReference; lastKnownFileType = sourcecode.swift; path = ProjectViewCell.swift; sourceTree = "<group>"; };
		1344BE101FD143E900498108 /* ContactViewCell.swift */ = {isa = PBXFileReference; lastKnownFileType = sourcecode.swift; path = ContactViewCell.swift; sourceTree = "<group>"; };
		1344BE121FD143F700498108 /* ContactsViewController.swift */ = {isa = PBXFileReference; lastKnownFileType = sourcecode.swift; path = ContactsViewController.swift; sourceTree = "<group>"; };
		1344BE151FD1460C00498108 /* MenuHome.storyboard */ = {isa = PBXFileReference; lastKnownFileType = file.storyboard; path = MenuHome.storyboard; sourceTree = "<group>"; };
		1344BE171FD149D800498108 /* SearchContactViewController.swift */ = {isa = PBXFileReference; lastKnownFileType = sourcecode.swift; path = SearchContactViewController.swift; sourceTree = "<group>"; };
		1344BE1E1FD14E2F00498108 /* SearchProjectsViewController.swift */ = {isa = PBXFileReference; lastKnownFileType = sourcecode.swift; path = SearchProjectsViewController.swift; sourceTree = "<group>"; };
		1344BE201FD1558200498108 /* NewsViewController.swift */ = {isa = PBXFileReference; lastKnownFileType = sourcecode.swift; path = NewsViewController.swift; sourceTree = "<group>"; };
		1344BE221FD1559200498108 /* NewsViewCell.swift */ = {isa = PBXFileReference; lastKnownFileType = sourcecode.swift; path = NewsViewCell.swift; sourceTree = "<group>"; };
		1344BE251FD159CB00498108 /* PopupCategoryNewsViewCell.swift */ = {isa = PBXFileReference; lastKnownFileType = sourcecode.swift; path = PopupCategoryNewsViewCell.swift; sourceTree = "<group>"; };
		1344BE271FD159E000498108 /* PopupCategoryNewsViewController.swift */ = {isa = PBXFileReference; lastKnownFileType = sourcecode.swift; path = PopupCategoryNewsViewController.swift; sourceTree = "<group>"; };
		1344BE291FD15E4B00498108 /* DetailNewsViewController.swift */ = {isa = PBXFileReference; fileEncoding = 4; lastKnownFileType = sourcecode.swift; path = DetailNewsViewController.swift; sourceTree = "<group>"; };
		1344BE2B1FD15EEB00498108 /* ExtensionUILabel.swift */ = {isa = PBXFileReference; lastKnownFileType = sourcecode.swift; path = ExtensionUILabel.swift; sourceTree = "<group>"; };
		1344BE2D1FD162F100498108 /* SearchLandForSaleViewController.swift */ = {isa = PBXFileReference; lastKnownFileType = sourcecode.swift; path = SearchLandForSaleViewController.swift; sourceTree = "<group>"; };
		134E23DC1FD0F8CD005387B7 /* InforMapsViewController.swift */ = {isa = PBXFileReference; lastKnownFileType = sourcecode.swift; path = InforMapsViewController.swift; sourceTree = "<group>"; };
		139E645A1FCF030300117E0B /* BDS.app */ = {isa = PBXFileReference; explicitFileType = wrapper.application; includeInIndex = 0; path = BDS.app; sourceTree = BUILT_PRODUCTS_DIR; };
		139E645D1FCF030300117E0B /* AppDelegate.swift */ = {isa = PBXFileReference; lastKnownFileType = sourcecode.swift; path = AppDelegate.swift; sourceTree = "<group>"; };
		139E645F1FCF030300117E0B /* ViewController.swift */ = {isa = PBXFileReference; lastKnownFileType = sourcecode.swift; path = ViewController.swift; sourceTree = "<group>"; };
		139E64621FCF030300117E0B /* Base */ = {isa = PBXFileReference; lastKnownFileType = file.storyboard; name = Base; path = Base.lproj/Main.storyboard; sourceTree = "<group>"; };
		139E64641FCF030300117E0B /* Assets.xcassets */ = {isa = PBXFileReference; lastKnownFileType = folder.assetcatalog; path = Assets.xcassets; sourceTree = "<group>"; };
		139E64671FCF030300117E0B /* Base */ = {isa = PBXFileReference; lastKnownFileType = file.storyboard; name = Base; path = Base.lproj/LaunchScreen.storyboard; sourceTree = "<group>"; };
		139E64691FCF030300117E0B /* Info.plist */ = {isa = PBXFileReference; lastKnownFileType = text.plist.xml; path = Info.plist; sourceTree = "<group>"; };
		139E646E1FCF030300117E0B /* BDSTests.xctest */ = {isa = PBXFileReference; explicitFileType = wrapper.cfbundle; includeInIndex = 0; path = BDSTests.xctest; sourceTree = BUILT_PRODUCTS_DIR; };
		139E64721FCF030300117E0B /* BDSTests.swift */ = {isa = PBXFileReference; lastKnownFileType = sourcecode.swift; path = BDSTests.swift; sourceTree = "<group>"; };
		139E64741FCF030300117E0B /* Info.plist */ = {isa = PBXFileReference; lastKnownFileType = text.plist.xml; path = Info.plist; sourceTree = "<group>"; };
		139E64791FCF030300117E0B /* BDSUITests.xctest */ = {isa = PBXFileReference; explicitFileType = wrapper.cfbundle; includeInIndex = 0; path = BDSUITests.xctest; sourceTree = BUILT_PRODUCTS_DIR; };
		139E647D1FCF030300117E0B /* BDSUITests.swift */ = {isa = PBXFileReference; lastKnownFileType = sourcecode.swift; path = BDSUITests.swift; sourceTree = "<group>"; };
		139E647F1FCF030300117E0B /* Info.plist */ = {isa = PBXFileReference; lastKnownFileType = text.plist.xml; path = Info.plist; sourceTree = "<group>"; };
		139E648D1FCF049400117E0B /* Result.swift */ = {isa = PBXFileReference; fileEncoding = 4; lastKnownFileType = sourcecode.swift; path = Result.swift; sourceTree = "<group>"; };
		139E648E1FCF049400117E0B /* API.swift */ = {isa = PBXFileReference; fileEncoding = 4; lastKnownFileType = sourcecode.swift; path = API.swift; sourceTree = "<group>"; };
		139E648F1FCF049400117E0B /* APIClient.swift */ = {isa = PBXFileReference; fileEncoding = 4; lastKnownFileType = sourcecode.swift; path = APIClient.swift; sourceTree = "<group>"; };
		139E64941FCF04BA00117E0B /* ExtensionDate.swift */ = {isa = PBXFileReference; fileEncoding = 4; lastKnownFileType = sourcecode.swift; path = ExtensionDate.swift; sourceTree = "<group>"; };
		139E64951FCF04BA00117E0B /* ExtensionString.swift */ = {isa = PBXFileReference; fileEncoding = 4; lastKnownFileType = sourcecode.swift; path = ExtensionString.swift; sourceTree = "<group>"; };
		139E64961FCF04BA00117E0B /* UIColorExtensions.swift */ = {isa = PBXFileReference; fileEncoding = 4; lastKnownFileType = sourcecode.swift; path = UIColorExtensions.swift; sourceTree = "<group>"; };
		139E649E1FCF050300117E0B /* CustomUIView.swift */ = {isa = PBXFileReference; fileEncoding = 4; lastKnownFileType = sourcecode.swift; path = CustomUIView.swift; sourceTree = "<group>"; };
		139E64A01FCF076700117E0B /* ExtensionUIImageView.swift */ = {isa = PBXFileReference; lastKnownFileType = sourcecode.swift; path = ExtensionUIImageView.swift; sourceTree = "<group>"; };
		139E64A31FCF07C600117E0B /* MIDatePicker.swift */ = {isa = PBXFileReference; fileEncoding = 4; lastKnownFileType = sourcecode.swift; path = MIDatePicker.swift; sourceTree = "<group>"; };
		139E64A41FCF07C600117E0B /* MIDatePicker.xib */ = {isa = PBXFileReference; fileEncoding = 4; lastKnownFileType = file.xib; path = MIDatePicker.xib; sourceTree = "<group>"; };
		139E64A81FCF07E500117E0B /* ModelPicker.swift */ = {isa = PBXFileReference; fileEncoding = 4; lastKnownFileType = sourcecode.swift; name = ModelPicker.swift; path = ../../../../../SocialNetwork/SocialNetwork/View/PickerView/ModelPicker.swift; sourceTree = "<group>"; };
		139E64A91FCF07E500117E0B /* PickerView.swift */ = {isa = PBXFileReference; fileEncoding = 4; lastKnownFileType = sourcecode.swift; name = PickerView.swift; path = ../../../../../SocialNetwork/SocialNetwork/View/PickerView/PickerView.swift; sourceTree = "<group>"; };
		139E64AA1FCF07E500117E0B /* PickerView.xib */ = {isa = PBXFileReference; fileEncoding = 4; lastKnownFileType = file.xib; name = PickerView.xib; path = ../../../../../SocialNetwork/SocialNetwork/View/PickerView/PickerView.xib; sourceTree = "<group>"; };
		139E64AF1FCF07F800117E0B /* HeaderViewController.swift */ = {isa = PBXFileReference; fileEncoding = 4; lastKnownFileType = sourcecode.swift; name = HeaderViewController.swift; path = ../../../../../SocialNetwork/SocialNetwork/View/HeaderView/HeaderViewController.swift; sourceTree = "<group>"; };
		139E64B01FCF07F800117E0B /* HeaderViewController.xib */ = {isa = PBXFileReference; fileEncoding = 4; lastKnownFileType = file.xib; name = HeaderViewController.xib; path = ../../../../../SocialNetwork/SocialNetwork/View/HeaderView/HeaderViewController.xib; sourceTree = "<group>"; };
		139E64B51FCF083900117E0B /* ItemViewCellMenu.swift */ = {isa = PBXFileReference; fileEncoding = 4; lastKnownFileType = sourcecode.swift; name = ItemViewCellMenu.swift; path = ../../../../../../SocialNetwork/SocialNetwork/Controller/CustomMenu/Menu/ItemViewCellMenu.swift; sourceTree = "<group>"; };
		139E64B81FCF084900117E0B /* ItemMenuObject.swift */ = {isa = PBXFileReference; fileEncoding = 4; lastKnownFileType = sourcecode.swift; name = ItemMenuObject.swift; path = ../../../../../SocialNetwork/SocialNetwork/Controller/CustomMenu/Menu/ItemMenuObject.swift; sourceTree = "<group>"; };
		139E64BB1FCF085500117E0B /* RightMenuViewController.swift */ = {isa = PBXFileReference; fileEncoding = 4; lastKnownFileType = sourcecode.swift; name = RightMenuViewController.swift; path = ../../../../../SocialNetwork/SocialNetwork/Controller/CustomMenu/Menu/RightMenuViewController.swift; sourceTree = "<group>"; };
		139E64BE1FCF088000117E0B /* SideMenuManager.swift */ = {isa = PBXFileReference; fileEncoding = 4; lastKnownFileType = sourcecode.swift; path = SideMenuManager.swift; sourceTree = "<group>"; };
		139E64BF1FCF088000117E0B /* SideMenuTransition.swift */ = {isa = PBXFileReference; fileEncoding = 4; lastKnownFileType = sourcecode.swift; path = SideMenuTransition.swift; sourceTree = "<group>"; };
		139E64C01FCF088000117E0B /* UISideMenuNavigationController.swift */ = {isa = PBXFileReference; fileEncoding = 4; lastKnownFileType = sourcecode.swift; path = UISideMenuNavigationController.swift; sourceTree = "<group>"; };
		139E64C51FCF08BF00117E0B /* LoginViewController.swift */ = {isa = PBXFileReference; fileEncoding = 4; lastKnownFileType = sourcecode.swift; path = LoginViewController.swift; sourceTree = "<group>"; };
		139E64C61FCF08C000117E0B /* ContainerViewController.swift */ = {isa = PBXFileReference; fileEncoding = 4; lastKnownFileType = sourcecode.swift; path = ContainerViewController.swift; sourceTree = "<group>"; };
		139E64CA1FCF08DB00117E0B /* ContainerSingUpViewController.swift */ = {isa = PBXFileReference; fileEncoding = 4; lastKnownFileType = sourcecode.swift; path = ContainerSingUpViewController.swift; sourceTree = "<group>"; };
		139E64CB1FCF08DB00117E0B /* SingUpViewController.swift */ = {isa = PBXFileReference; fileEncoding = 4; lastKnownFileType = sourcecode.swift; path = SingUpViewController.swift; sourceTree = "<group>"; };
		139E64CE1FCF091800117E0B /* Login.storyboard */ = {isa = PBXFileReference; lastKnownFileType = file.storyboard; path = Login.storyboard; sourceTree = "<group>"; };
		139E64D01FCF099700117E0B /* Register.storyboard */ = {isa = PBXFileReference; lastKnownFileType = file.storyboard; path = Register.storyboard; sourceTree = "<group>"; };
		13A027B7BA22F07E221AA08B /* Pods_BDSUITests.framework */ = {isa = PBXFileReference; explicitFileType = wrapper.framework; includeInIndex = 0; path = Pods_BDSUITests.framework; sourceTree = BUILT_PRODUCTS_DIR; };
		13AB37611FCF9EA6000BA67D /* HomeViewController.swift */ = {isa = PBXFileReference; fileEncoding = 4; lastKnownFileType = sourcecode.swift; path = HomeViewController.swift; sourceTree = "<group>"; };
		13AB37621FCF9EA6000BA67D /* TutorialPageViewController.swift */ = {isa = PBXFileReference; fileEncoding = 4; lastKnownFileType = sourcecode.swift; path = TutorialPageViewController.swift; sourceTree = "<group>"; };
		13AB37651FCF9EAD000BA67D /* NaviHomeViewController.swift */ = {isa = PBXFileReference; fileEncoding = 4; lastKnownFileType = sourcecode.swift; path = NaviHomeViewController.swift; sourceTree = "<group>"; };
		13AB37671FCF9FAC000BA67D /* NaviLoginViewController.swift */ = {isa = PBXFileReference; lastKnownFileType = sourcecode.swift; path = NaviLoginViewController.swift; sourceTree = "<group>"; };
		13AB376A1FCFA056000BA67D /* BaseViewController.swift */ = {isa = PBXFileReference; fileEncoding = 4; lastKnownFileType = sourcecode.swift; path = BaseViewController.swift; sourceTree = "<group>"; };
		13AB376B1FCFA056000BA67D /* BaseTableViewController.swift */ = {isa = PBXFileReference; fileEncoding = 4; lastKnownFileType = sourcecode.swift; path = BaseTableViewController.swift; sourceTree = "<group>"; };
		13FB33111FD2C33C00FC5B55 /* ModelCity.swift */ = {isa = PBXFileReference; lastKnownFileType = sourcecode.swift; path = ModelCity.swift; sourceTree = "<group>"; };
		13FB33131FD2F0B800FC5B55 /* Util.swift */ = {isa = PBXFileReference; lastKnownFileType = sourcecode.swift; path = Util.swift; sourceTree = "<group>"; };
		13FB33151FD2FA2100FC5B55 /* GoogleService-Info.plist */ = {isa = PBXFileReference; fileEncoding = 4; lastKnownFileType = text.plist.xml; path = "GoogleService-Info.plist"; sourceTree = "<group>"; };
		2606DAFFDB4CDFDC8A3E08E1 /* Pods-BDS.release.xcconfig */ = {isa = PBXFileReference; includeInIndex = 1; lastKnownFileType = text.xcconfig; name = "Pods-BDS.release.xcconfig"; path = "Pods/Target Support Files/Pods-BDS/Pods-BDS.release.xcconfig"; sourceTree = "<group>"; };
		7FAE74201135EFE1B63FFA08 /* Pods-BDSUITests.debug.xcconfig */ = {isa = PBXFileReference; includeInIndex = 1; lastKnownFileType = text.xcconfig; name = "Pods-BDSUITests.debug.xcconfig"; path = "Pods/Target Support Files/Pods-BDSUITests/Pods-BDSUITests.debug.xcconfig"; sourceTree = "<group>"; };
		9BAE4B0B6757005A3C69BD2D /* Pods-BDSTests.release.xcconfig */ = {isa = PBXFileReference; includeInIndex = 1; lastKnownFileType = text.xcconfig; name = "Pods-BDSTests.release.xcconfig"; path = "Pods/Target Support Files/Pods-BDSTests/Pods-BDSTests.release.xcconfig"; sourceTree = "<group>"; };
		9EDAE37C4ABF18F1000C435A /* Pods-BDS.debug.xcconfig */ = {isa = PBXFileReference; includeInIndex = 1; lastKnownFileType = text.xcconfig; name = "Pods-BDS.debug.xcconfig"; path = "Pods/Target Support Files/Pods-BDS/Pods-BDS.debug.xcconfig"; sourceTree = "<group>"; };
		A71483AE8F5B58DFCA958F97 /* Pods-BDSUITests.release.xcconfig */ = {isa = PBXFileReference; includeInIndex = 1; lastKnownFileType = text.xcconfig; name = "Pods-BDSUITests.release.xcconfig"; path = "Pods/Target Support Files/Pods-BDSUITests/Pods-BDSUITests.release.xcconfig"; sourceTree = "<group>"; };
		A82C875BBC16DE7D48AEA19F /* Pods_BDS.framework */ = {isa = PBXFileReference; explicitFileType = wrapper.framework; includeInIndex = 0; path = Pods_BDS.framework; sourceTree = BUILT_PRODUCTS_DIR; };
		B22BDC33268E63372188012D /* Pods_BDSTests.framework */ = {isa = PBXFileReference; explicitFileType = wrapper.framework; includeInIndex = 0; path = Pods_BDSTests.framework; sourceTree = BUILT_PRODUCTS_DIR; };
		E3EFA7C5BB360A95013152A3 /* Pods-BDSTests.debug.xcconfig */ = {isa = PBXFileReference; includeInIndex = 1; lastKnownFileType = text.xcconfig; name = "Pods-BDSTests.debug.xcconfig"; path = "Pods/Target Support Files/Pods-BDSTests/Pods-BDSTests.debug.xcconfig"; sourceTree = "<group>"; };
/* End PBXFileReference section */

/* Begin PBXFrameworksBuildPhase section */
		139E64571FCF030300117E0B /* Frameworks */ = {
			isa = PBXFrameworksBuildPhase;
			buildActionMask = 2147483647;
			files = (
				2A6A97D6285928BA06896700 /* Pods_BDS.framework in Frameworks */,
			);
			runOnlyForDeploymentPostprocessing = 0;
		};
		139E646B1FCF030300117E0B /* Frameworks */ = {
			isa = PBXFrameworksBuildPhase;
			buildActionMask = 2147483647;
			files = (
				FDF5F9EFC7884E57D38CD649 /* Pods_BDSTests.framework in Frameworks */,
			);
			runOnlyForDeploymentPostprocessing = 0;
		};
		139E64761FCF030300117E0B /* Frameworks */ = {
			isa = PBXFrameworksBuildPhase;
			buildActionMask = 2147483647;
			files = (
				7D1611BDE519527BFB3733E3 /* Pods_BDSUITests.framework in Frameworks */,
			);
			runOnlyForDeploymentPostprocessing = 0;
		};
/* End PBXFrameworksBuildPhase section */

/* Begin PBXGroup section */
		0054D3849031295A78203E91 /* Pods */ = {
			isa = PBXGroup;
			children = (
				9EDAE37C4ABF18F1000C435A /* Pods-BDS.debug.xcconfig */,
				2606DAFFDB4CDFDC8A3E08E1 /* Pods-BDS.release.xcconfig */,
				E3EFA7C5BB360A95013152A3 /* Pods-BDSTests.debug.xcconfig */,
				9BAE4B0B6757005A3C69BD2D /* Pods-BDSTests.release.xcconfig */,
				7FAE74201135EFE1B63FFA08 /* Pods-BDSUITests.debug.xcconfig */,
				A71483AE8F5B58DFCA958F97 /* Pods-BDSUITests.release.xcconfig */,
			);
			name = Pods;
			sourceTree = "<group>";
		};
		13195E261FD05DB000C60533 /* Maps */ = {
			isa = PBXGroup;
			children = (
				13195E271FD05DC500C60533 /* MapsViewController.swift */,
				134E23DC1FD0F8CD005387B7 /* InforMapsViewController.swift */,
			);
			path = Maps;
			sourceTree = "<group>";
		};
		13372E891FD0091C00041A57 /* User */ = {
			isa = PBXGroup;
			children = (
				13372E8A1FD0093400041A57 /* InforUserViewController.swift */,
				13372E8B1FD0093400041A57 /* InforUserViewController.xib */,
				13372E961FD00C3300041A57 /* EditInforUserViewController.swift */,
				13372E941FD00C1200041A57 /* User.storyboard */,
			);
			path = User;
			sourceTree = "<group>";
		};
		13372E991FD0116D00041A57 /* Util */ = {
			isa = PBXGroup;
			children = (
				13372E9A1FD0118400041A57 /* SaveCurrentVC.swift */,
				13FB33131FD2F0B800FC5B55 /* Util.swift */,
			);
			path = Util;
			sourceTree = "<group>";
		};
		1344BE021FD12E1000498108 /* LandForSale */ = {
			isa = PBXGroup;
			children = (
				1344BE031FD12E3000498108 /* LandForSaleViewController.swift */,
				1344BE051FD12E4100498108 /* LandForSaleViewCell.swift */,
				1344BE2D1FD162F100498108 /* SearchLandForSaleViewController.swift */,
			);
			path = LandForSale;
			sourceTree = "<group>";
		};
		1344BE071FD13ECC00498108 /* ListNewsLike */ = {
			isa = PBXGroup;
			children = (
				1344BE241FD159B800498108 /* PopUp */,
				1344BE081FD13EEF00498108 /* NewsLikeViewController.swift */,
				1344BE201FD1558200498108 /* NewsViewController.swift */,
				1344BE221FD1559200498108 /* NewsViewCell.swift */,
				1344BE291FD15E4B00498108 /* DetailNewsViewController.swift */,
			);
			path = ListNewsLike;
			sourceTree = "<group>";
		};
		1344BE0A1FD1414700498108 /* Projects */ = {
			isa = PBXGroup;
			children = (
				1344BE0B1FD1415B00498108 /* ProjectsViewController.swift */,
				1344BE0D1FD1417400498108 /* ProjectViewCell.swift */,
				1344BE1E1FD14E2F00498108 /* SearchProjectsViewController.swift */,
			);
			path = Projects;
			sourceTree = "<group>";
		};
		1344BE0F1FD143D300498108 /* Contacts */ = {
			isa = PBXGroup;
			children = (
				1344BE101FD143E900498108 /* ContactViewCell.swift */,
				1344BE121FD143F700498108 /* ContactsViewController.swift */,
				1344BE171FD149D800498108 /* SearchContactViewController.swift */,
			);
			path = Contacts;
			sourceTree = "<group>";
		};
		1344BE141FD145F900498108 /* MenuHome */ = {
			isa = PBXGroup;
			children = (
				1344BE151FD1460C00498108 /* MenuHome.storyboard */,
			);
			path = MenuHome;
			sourceTree = "<group>";
		};
		1344BE241FD159B800498108 /* PopUp */ = {
			isa = PBXGroup;
			children = (
				1344BE251FD159CB00498108 /* PopupCategoryNewsViewCell.swift */,
				1344BE271FD159E000498108 /* PopupCategoryNewsViewController.swift */,
			);
			path = PopUp;
			sourceTree = "<group>";
		};
		139E64511FCF030300117E0B = {
			isa = PBXGroup;
			children = (
				139E645C1FCF030300117E0B /* BDS */,
				139E64711FCF030300117E0B /* BDSTests */,
				139E647C1FCF030300117E0B /* BDSUITests */,
				139E645B1FCF030300117E0B /* Products */,
				0054D3849031295A78203E91 /* Pods */,
				CFDE574777E5158DA4BE5493 /* Frameworks */,
			);
			sourceTree = "<group>";
		};
		139E645B1FCF030300117E0B /* Products */ = {
			isa = PBXGroup;
			children = (
				139E645A1FCF030300117E0B /* BDS.app */,
				139E646E1FCF030300117E0B /* BDSTests.xctest */,
				139E64791FCF030300117E0B /* BDSUITests.xctest */,
			);
			name = Products;
			sourceTree = "<group>";
		};
		139E645C1FCF030300117E0B /* BDS */ = {
			isa = PBXGroup;
			children = (
				13FB33151FD2FA2100FC5B55 /* GoogleService-Info.plist */,
				13372E991FD0116D00041A57 /* Util */,
				139E649A1FCF04D900117E0B /* MVC */,
				139E64931FCF04A900117E0B /* Extension */,
				139E648C1FCF047D00117E0B /* Network */,
				139E648B1FCF03F600117E0B /* APP */,
				139E645F1FCF030300117E0B /* ViewController.swift */,
				139E64611FCF030300117E0B /* Main.storyboard */,
				139E64641FCF030300117E0B /* Assets.xcassets */,
				139E64691FCF030300117E0B /* Info.plist */,
			);
			path = BDS;
			sourceTree = "<group>";
		};
		139E64711FCF030300117E0B /* BDSTests */ = {
			isa = PBXGroup;
			children = (
				139E64721FCF030300117E0B /* BDSTests.swift */,
				139E64741FCF030300117E0B /* Info.plist */,
			);
			path = BDSTests;
			sourceTree = "<group>";
		};
		139E647C1FCF030300117E0B /* BDSUITests */ = {
			isa = PBXGroup;
			children = (
				139E647D1FCF030300117E0B /* BDSUITests.swift */,
				139E647F1FCF030300117E0B /* Info.plist */,
			);
			path = BDSUITests;
			sourceTree = "<group>";
		};
		139E648B1FCF03F600117E0B /* APP */ = {
			isa = PBXGroup;
			children = (
				139E64661FCF030300117E0B /* LaunchScreen.storyboard */,
				139E645D1FCF030300117E0B /* AppDelegate.swift */,
			);
			path = APP;
			sourceTree = "<group>";
		};
		139E648C1FCF047D00117E0B /* Network */ = {
			isa = PBXGroup;
			children = (
				139E648E1FCF049400117E0B /* API.swift */,
				139E648F1FCF049400117E0B /* APIClient.swift */,
				139E648D1FCF049400117E0B /* Result.swift */,
			);
			path = Network;
			sourceTree = "<group>";
		};
		139E64931FCF04A900117E0B /* Extension */ = {
			isa = PBXGroup;
			children = (
				139E64941FCF04BA00117E0B /* ExtensionDate.swift */,
				139E64951FCF04BA00117E0B /* ExtensionString.swift */,
				139E64961FCF04BA00117E0B /* UIColorExtensions.swift */,
				139E64A01FCF076700117E0B /* ExtensionUIImageView.swift */,
				13372E8E1FD009A300041A57 /* GetViewXib.swift */,
				1344BE2B1FD15EEB00498108 /* ExtensionUILabel.swift */,
			);
			path = Extension;
			sourceTree = "<group>";
		};
		139E649A1FCF04D900117E0B /* MVC */ = {
			isa = PBXGroup;
			children = (
				139E649D1FCF04EB00117E0B /* Controller */,
				139E649C1FCF04E600117E0B /* Model */,
				139E649B1FCF04E100117E0B /* View */,
			);
			path = MVC;
			sourceTree = "<group>";
		};
		139E649B1FCF04E100117E0B /* View */ = {
			isa = PBXGroup;
			children = (
				13AB37691FCFA038000BA67D /* BaseController */,
				139E64BD1FCF086000117E0B /* CustomerMenu */,
				139E64B31FCF081400117E0B /* Cell */,
				139E64AE1FCF07E900117E0B /* HeaderView */,
				139E64A71FCF07D100117E0B /* PickerView */,
				139E64A21FCF07BB00117E0B /* DatePicker */,
				139E649E1FCF050300117E0B /* CustomUIView.swift */,
			);
			path = View;
			sourceTree = "<group>";
		};
		139E649C1FCF04E600117E0B /* Model */ = {
			isa = PBXGroup;
			children = (
				13FB33101FD2C32700FC5B55 /* City */,
				139E64B71FCF084000117E0B /* Menu */,
			);
			path = Model;
			sourceTree = "<group>";
		};
		139E649D1FCF04EB00117E0B /* Controller */ = {
			isa = PBXGroup;
			children = (
				1344BE0F1FD143D300498108 /* Contacts */,
				1344BE0A1FD1414700498108 /* Projects */,
				1344BE071FD13ECC00498108 /* ListNewsLike */,
				1344BE021FD12E1000498108 /* LandForSale */,
				13195E261FD05DB000C60533 /* Maps */,
				13372E891FD0091C00041A57 /* User */,
				13AB375F1FCF9E87000BA67D /* Home */,
				139E64C91FCF08C800117E0B /* Register */,
				139E64C41FCF089600117E0B /* Login */,
				139E64BA1FCF084C00117E0B /* Menu */,
			);
			path = Controller;
			sourceTree = "<group>";
		};
		139E64A21FCF07BB00117E0B /* DatePicker */ = {
			isa = PBXGroup;
			children = (
				139E64A31FCF07C600117E0B /* MIDatePicker.swift */,
				139E64A41FCF07C600117E0B /* MIDatePicker.xib */,
			);
			path = DatePicker;
			sourceTree = "<group>";
		};
		139E64A71FCF07D100117E0B /* PickerView */ = {
			isa = PBXGroup;
			children = (
				139E64A81FCF07E500117E0B /* ModelPicker.swift */,
				139E64A91FCF07E500117E0B /* PickerView.swift */,
				139E64AA1FCF07E500117E0B /* PickerView.xib */,
			);
			path = PickerView;
			sourceTree = "<group>";
		};
		139E64AE1FCF07E900117E0B /* HeaderView */ = {
			isa = PBXGroup;
			children = (
				139E64AF1FCF07F800117E0B /* HeaderViewController.swift */,
				139E64B01FCF07F800117E0B /* HeaderViewController.xib */,
			);
			path = HeaderView;
			sourceTree = "<group>";
		};
		139E64B31FCF081400117E0B /* Cell */ = {
			isa = PBXGroup;
			children = (
				139E64B41FCF082400117E0B /* Menu */,
			);
			path = Cell;
			sourceTree = "<group>";
		};
		139E64B41FCF082400117E0B /* Menu */ = {
			isa = PBXGroup;
			children = (
				139E64B51FCF083900117E0B /* ItemViewCellMenu.swift */,
			);
			path = Menu;
			sourceTree = "<group>";
		};
		139E64B71FCF084000117E0B /* Menu */ = {
			isa = PBXGroup;
			children = (
				139E64B81FCF084900117E0B /* ItemMenuObject.swift */,
			);
			path = Menu;
			sourceTree = "<group>";
		};
		139E64BA1FCF084C00117E0B /* Menu */ = {
			isa = PBXGroup;
			children = (
				139E64BB1FCF085500117E0B /* RightMenuViewController.swift */,
			);
			path = Menu;
			sourceTree = "<group>";
		};
		139E64BD1FCF086000117E0B /* CustomerMenu */ = {
			isa = PBXGroup;
			children = (
				139E64BE1FCF088000117E0B /* SideMenuManager.swift */,
				139E64BF1FCF088000117E0B /* SideMenuTransition.swift */,
				139E64C01FCF088000117E0B /* UISideMenuNavigationController.swift */,
			);
			path = CustomerMenu;
			sourceTree = "<group>";
		};
		139E64C41FCF089600117E0B /* Login */ = {
			isa = PBXGroup;
			children = (
				139E64C61FCF08C000117E0B /* ContainerViewController.swift */,
				139E64C51FCF08BF00117E0B /* LoginViewController.swift */,
				139E64CE1FCF091800117E0B /* Login.storyboard */,
				13AB37671FCF9FAC000BA67D /* NaviLoginViewController.swift */,
			);
			path = Login;
			sourceTree = "<group>";
		};
		139E64C91FCF08C800117E0B /* Register */ = {
			isa = PBXGroup;
			children = (
				139E64CA1FCF08DB00117E0B /* ContainerSingUpViewController.swift */,
				139E64CB1FCF08DB00117E0B /* SingUpViewController.swift */,
				139E64D01FCF099700117E0B /* Register.storyboard */,
			);
			path = Register;
			sourceTree = "<group>";
		};
		13AB375F1FCF9E87000BA67D /* Home */ = {
			isa = PBXGroup;
			children = (
				1344BE141FD145F900498108 /* MenuHome */,
				13AB37601FCF9E94000BA67D /* ViewPager */,
				13195E241FD05B4600C60533 /* HomeMenuViewController.swift */,
			);
			path = Home;
			sourceTree = "<group>";
		};
		13AB37601FCF9E94000BA67D /* ViewPager */ = {
			isa = PBXGroup;
			children = (
				13AB37651FCF9EAD000BA67D /* NaviHomeViewController.swift */,
				13AB37611FCF9EA6000BA67D /* HomeViewController.swift */,
				13AB37621FCF9EA6000BA67D /* TutorialPageViewController.swift */,
			);
			path = ViewPager;
			sourceTree = "<group>";
		};
		13AB37691FCFA038000BA67D /* BaseController */ = {
			isa = PBXGroup;
			children = (
				13AB376B1FCFA056000BA67D /* BaseTableViewController.swift */,
				13AB376A1FCFA056000BA67D /* BaseViewController.swift */,
			);
			path = BaseController;
			sourceTree = "<group>";
		};
		13FB33101FD2C32700FC5B55 /* City */ = {
			isa = PBXGroup;
			children = (
				13FB33111FD2C33C00FC5B55 /* ModelCity.swift */,
			);
			path = City;
			sourceTree = "<group>";
		};
		CFDE574777E5158DA4BE5493 /* Frameworks */ = {
			isa = PBXGroup;
			children = (
				A82C875BBC16DE7D48AEA19F /* Pods_BDS.framework */,
				B22BDC33268E63372188012D /* Pods_BDSTests.framework */,
				13A027B7BA22F07E221AA08B /* Pods_BDSUITests.framework */,
			);
			name = Frameworks;
			sourceTree = "<group>";
		};
/* End PBXGroup section */

/* Begin PBXNativeTarget section */
		139E64591FCF030300117E0B /* BDS */ = {
			isa = PBXNativeTarget;
			buildConfigurationList = 139E64821FCF030300117E0B /* Build configuration list for PBXNativeTarget "BDS" */;
			buildPhases = (
				2E3B870677D28FB7D3AA5D85 /* [CP] Check Pods Manifest.lock */,
				139E64561FCF030300117E0B /* Sources */,
				139E64571FCF030300117E0B /* Frameworks */,
				139E64581FCF030300117E0B /* Resources */,
				BAB767E8501BD6396041A693 /* [CP] Embed Pods Frameworks */,
				E6C05AEC33E38A93A3895753 /* [CP] Copy Pods Resources */,
			);
			buildRules = (
			);
			dependencies = (
			);
			name = BDS;
			productName = BDS;
			productReference = 139E645A1FCF030300117E0B /* BDS.app */;
			productType = "com.apple.product-type.application";
		};
		139E646D1FCF030300117E0B /* BDSTests */ = {
			isa = PBXNativeTarget;
			buildConfigurationList = 139E64851FCF030300117E0B /* Build configuration list for PBXNativeTarget "BDSTests" */;
			buildPhases = (
				083D78FAD267A44BC7D96873 /* [CP] Check Pods Manifest.lock */,
				139E646A1FCF030300117E0B /* Sources */,
				139E646B1FCF030300117E0B /* Frameworks */,
				139E646C1FCF030300117E0B /* Resources */,
				32BC9A18173C2D59F78FFA53 /* [CP] Embed Pods Frameworks */,
				59935DC4DC9F8FDA94342512 /* [CP] Copy Pods Resources */,
			);
			buildRules = (
			);
			dependencies = (
				139E64701FCF030300117E0B /* PBXTargetDependency */,
			);
			name = BDSTests;
			productName = BDSTests;
			productReference = 139E646E1FCF030300117E0B /* BDSTests.xctest */;
			productType = "com.apple.product-type.bundle.unit-test";
		};
		139E64781FCF030300117E0B /* BDSUITests */ = {
			isa = PBXNativeTarget;
			buildConfigurationList = 139E64881FCF030300117E0B /* Build configuration list for PBXNativeTarget "BDSUITests" */;
			buildPhases = (
				D6AB7C6040764B236D6060A5 /* [CP] Check Pods Manifest.lock */,
				139E64751FCF030300117E0B /* Sources */,
				139E64761FCF030300117E0B /* Frameworks */,
				139E64771FCF030300117E0B /* Resources */,
				481B663233DA76DBE65132E1 /* [CP] Embed Pods Frameworks */,
				7D14C14AC67F4EFA91DE2812 /* [CP] Copy Pods Resources */,
			);
			buildRules = (
			);
			dependencies = (
				139E647B1FCF030300117E0B /* PBXTargetDependency */,
			);
			name = BDSUITests;
			productName = BDSUITests;
			productReference = 139E64791FCF030300117E0B /* BDSUITests.xctest */;
			productType = "com.apple.product-type.bundle.ui-testing";
		};
/* End PBXNativeTarget section */

/* Begin PBXProject section */
		139E64521FCF030300117E0B /* Project object */ = {
			isa = PBXProject;
			attributes = {
				LastSwiftUpdateCheck = 0910;
				LastUpgradeCheck = 0910;
				ORGANIZATIONNAME = "Duy Huy";
				TargetAttributes = {
					139E64591FCF030300117E0B = {
						CreatedOnToolsVersion = 9.1;
						ProvisioningStyle = Automatic;
					};
					139E646D1FCF030300117E0B = {
						CreatedOnToolsVersion = 9.1;
						ProvisioningStyle = Automatic;
						TestTargetID = 139E64591FCF030300117E0B;
					};
					139E64781FCF030300117E0B = {
						CreatedOnToolsVersion = 9.1;
						ProvisioningStyle = Automatic;
						TestTargetID = 139E64591FCF030300117E0B;
					};
				};
			};
			buildConfigurationList = 139E64551FCF030300117E0B /* Build configuration list for PBXProject "BDS" */;
			compatibilityVersion = "Xcode 8.0";
			developmentRegion = en;
			hasScannedForEncodings = 0;
			knownRegions = (
				en,
				Base,
			);
			mainGroup = 139E64511FCF030300117E0B;
			productRefGroup = 139E645B1FCF030300117E0B /* Products */;
			projectDirPath = "";
			projectRoot = "";
			targets = (
				139E64591FCF030300117E0B /* BDS */,
				139E646D1FCF030300117E0B /* BDSTests */,
				139E64781FCF030300117E0B /* BDSUITests */,
			);
		};
/* End PBXProject section */

/* Begin PBXResourcesBuildPhase section */
		139E64581FCF030300117E0B /* Resources */ = {
			isa = PBXResourcesBuildPhase;
			buildActionMask = 2147483647;
			files = (
				139E64AD1FCF07E500117E0B /* PickerView.xib in Resources */,
				13372E951FD00C1200041A57 /* User.storyboard in Resources */,
				139E64B21FCF07F800117E0B /* HeaderViewController.xib in Resources */,
				139E64CF1FCF091800117E0B /* Login.storyboard in Resources */,
				1344BE161FD1460C00498108 /* MenuHome.storyboard in Resources */,
				13FB33161FD2FA2100FC5B55 /* GoogleService-Info.plist in Resources */,
				139E64681FCF030300117E0B /* LaunchScreen.storyboard in Resources */,
				139E64651FCF030300117E0B /* Assets.xcassets in Resources */,
				139E64631FCF030300117E0B /* Main.storyboard in Resources */,
				139E64A61FCF07C600117E0B /* MIDatePicker.xib in Resources */,
				13372E8D1FD0093400041A57 /* InforUserViewController.xib in Resources */,
				139E64D11FCF099700117E0B /* Register.storyboard in Resources */,
			);
			runOnlyForDeploymentPostprocessing = 0;
		};
		139E646C1FCF030300117E0B /* Resources */ = {
			isa = PBXResourcesBuildPhase;
			buildActionMask = 2147483647;
			files = (
			);
			runOnlyForDeploymentPostprocessing = 0;
		};
		139E64771FCF030300117E0B /* Resources */ = {
			isa = PBXResourcesBuildPhase;
			buildActionMask = 2147483647;
			files = (
			);
			runOnlyForDeploymentPostprocessing = 0;
		};
/* End PBXResourcesBuildPhase section */

/* Begin PBXShellScriptBuildPhase section */
		083D78FAD267A44BC7D96873 /* [CP] Check Pods Manifest.lock */ = {
			isa = PBXShellScriptBuildPhase;
			buildActionMask = 2147483647;
			files = (
			);
			inputPaths = (
				"${PODS_PODFILE_DIR_PATH}/Podfile.lock",
				"${PODS_ROOT}/Manifest.lock",
			);
			name = "[CP] Check Pods Manifest.lock";
			outputPaths = (
				"$(DERIVED_FILE_DIR)/Pods-BDSTests-checkManifestLockResult.txt",
			);
			runOnlyForDeploymentPostprocessing = 0;
			shellPath = /bin/sh;
			shellScript = "diff \"${PODS_PODFILE_DIR_PATH}/Podfile.lock\" \"${PODS_ROOT}/Manifest.lock\" > /dev/null\nif [ $? != 0 ] ; then\n    # print error to STDERR\n    echo \"error: The sandbox is not in sync with the Podfile.lock. Run 'pod install' or update your CocoaPods installation.\" >&2\n    exit 1\nfi\n# This output is used by Xcode 'outputs' to avoid re-running this script phase.\necho \"SUCCESS\" > \"${SCRIPT_OUTPUT_FILE_0}\"\n";
			showEnvVarsInLog = 0;
		};
		2E3B870677D28FB7D3AA5D85 /* [CP] Check Pods Manifest.lock */ = {
			isa = PBXShellScriptBuildPhase;
			buildActionMask = 2147483647;
			files = (
			);
			inputPaths = (
				"${PODS_PODFILE_DIR_PATH}/Podfile.lock",
				"${PODS_ROOT}/Manifest.lock",
			);
			name = "[CP] Check Pods Manifest.lock";
			outputPaths = (
				"$(DERIVED_FILE_DIR)/Pods-BDS-checkManifestLockResult.txt",
			);
			runOnlyForDeploymentPostprocessing = 0;
			shellPath = /bin/sh;
			shellScript = "diff \"${PODS_PODFILE_DIR_PATH}/Podfile.lock\" \"${PODS_ROOT}/Manifest.lock\" > /dev/null\nif [ $? != 0 ] ; then\n    # print error to STDERR\n    echo \"error: The sandbox is not in sync with the Podfile.lock. Run 'pod install' or update your CocoaPods installation.\" >&2\n    exit 1\nfi\n# This output is used by Xcode 'outputs' to avoid re-running this script phase.\necho \"SUCCESS\" > \"${SCRIPT_OUTPUT_FILE_0}\"\n";
			showEnvVarsInLog = 0;
		};
		32BC9A18173C2D59F78FFA53 /* [CP] Embed Pods Frameworks */ = {
			isa = PBXShellScriptBuildPhase;
			buildActionMask = 2147483647;
			files = (
			);
			inputPaths = (
			);
			name = "[CP] Embed Pods Frameworks";
			outputPaths = (
			);
			runOnlyForDeploymentPostprocessing = 0;
			shellPath = /bin/sh;
			shellScript = "\"${SRCROOT}/Pods/Target Support Files/Pods-BDSTests/Pods-BDSTests-frameworks.sh\"\n";
			showEnvVarsInLog = 0;
		};
		481B663233DA76DBE65132E1 /* [CP] Embed Pods Frameworks */ = {
			isa = PBXShellScriptBuildPhase;
			buildActionMask = 2147483647;
			files = (
			);
			inputPaths = (
			);
			name = "[CP] Embed Pods Frameworks";
			outputPaths = (
			);
			runOnlyForDeploymentPostprocessing = 0;
			shellPath = /bin/sh;
			shellScript = "\"${SRCROOT}/Pods/Target Support Files/Pods-BDSUITests/Pods-BDSUITests-frameworks.sh\"\n";
			showEnvVarsInLog = 0;
		};
		59935DC4DC9F8FDA94342512 /* [CP] Copy Pods Resources */ = {
			isa = PBXShellScriptBuildPhase;
			buildActionMask = 2147483647;
			files = (
			);
			inputPaths = (
			);
			name = "[CP] Copy Pods Resources";
			outputPaths = (
			);
			runOnlyForDeploymentPostprocessing = 0;
			shellPath = /bin/sh;
			shellScript = "\"${SRCROOT}/Pods/Target Support Files/Pods-BDSTests/Pods-BDSTests-resources.sh\"\n";
			showEnvVarsInLog = 0;
		};
		7D14C14AC67F4EFA91DE2812 /* [CP] Copy Pods Resources */ = {
			isa = PBXShellScriptBuildPhase;
			buildActionMask = 2147483647;
			files = (
			);
			inputPaths = (
			);
			name = "[CP] Copy Pods Resources";
			outputPaths = (
			);
			runOnlyForDeploymentPostprocessing = 0;
			shellPath = /bin/sh;
			shellScript = "\"${SRCROOT}/Pods/Target Support Files/Pods-BDSUITests/Pods-BDSUITests-resources.sh\"\n";
			showEnvVarsInLog = 0;
		};
		BAB767E8501BD6396041A693 /* [CP] Embed Pods Frameworks */ = {
			isa = PBXShellScriptBuildPhase;
			buildActionMask = 2147483647;
			files = (
			);
			inputPaths = (
				"${SRCROOT}/Pods/Target Support Files/Pods-BDS/Pods-BDS-frameworks.sh",
				"${BUILT_PRODUCTS_DIR}/ACProgressHUD/ACProgressHUD.framework",
				"${BUILT_PRODUCTS_DIR}/Alamofire/Alamofire.framework",
				"${BUILT_PRODUCTS_DIR}/Bolts/Bolts.framework",
				"${BUILT_PRODUCTS_DIR}/FBSDKCoreKit/FBSDKCoreKit.framework",
				"${BUILT_PRODUCTS_DIR}/FBSDKLoginKit/FBSDKLoginKit.framework",
				"${BUILT_PRODUCTS_DIR}/FBSDKShareKit/FBSDKShareKit.framework",
				"${BUILT_PRODUCTS_DIR}/FTIndicator/FTIndicator.framework",
				"${BUILT_PRODUCTS_DIR}/GTMOAuth2/GTMOAuth2.framework",
				"${BUILT_PRODUCTS_DIR}/GTMSessionFetcher/GTMSessionFetcher.framework",
				"${BUILT_PRODUCTS_DIR}/GoogleToolboxForMac/GoogleToolboxForMac.framework",
				"${BUILT_PRODUCTS_DIR}/KMPlaceholderTextView/KMPlaceholderTextView.framework",
				"${BUILT_PRODUCTS_DIR}/Kingfisher/Kingfisher.framework",
				"${BUILT_PRODUCTS_DIR}/ObjectMapper/ObjectMapper.framework",
				"${BUILT_PRODUCTS_DIR}/Pulley/Pulley.framework",
				"${BUILT_PRODUCTS_DIR}/RxCocoa/RxCocoa.framework",
				"${BUILT_PRODUCTS_DIR}/RxSwift/RxSwift.framework",
				"${BUILT_PRODUCTS_DIR}/SwiftMessages/SwiftMessages.framework",
				"${BUILT_PRODUCTS_DIR}/SwiftyJSON/SwiftyJSON.framework",
				"${BUILT_PRODUCTS_DIR}/UIAlertView+Blocks/UIAlertView_Blocks.framework",
			);
			name = "[CP] Embed Pods Frameworks";
			outputPaths = (
				"${TARGET_BUILD_DIR}/${FRAMEWORKS_FOLDER_PATH}/ACProgressHUD.framework",
				"${TARGET_BUILD_DIR}/${FRAMEWORKS_FOLDER_PATH}/Alamofire.framework",
				"${TARGET_BUILD_DIR}/${FRAMEWORKS_FOLDER_PATH}/Bolts.framework",
				"${TARGET_BUILD_DIR}/${FRAMEWORKS_FOLDER_PATH}/FBSDKCoreKit.framework",
				"${TARGET_BUILD_DIR}/${FRAMEWORKS_FOLDER_PATH}/FBSDKLoginKit.framework",
				"${TARGET_BUILD_DIR}/${FRAMEWORKS_FOLDER_PATH}/FBSDKShareKit.framework",
				"${TARGET_BUILD_DIR}/${FRAMEWORKS_FOLDER_PATH}/FTIndicator.framework",
				"${TARGET_BUILD_DIR}/${FRAMEWORKS_FOLDER_PATH}/GTMOAuth2.framework",
				"${TARGET_BUILD_DIR}/${FRAMEWORKS_FOLDER_PATH}/GTMSessionFetcher.framework",
				"${TARGET_BUILD_DIR}/${FRAMEWORKS_FOLDER_PATH}/GoogleToolboxForMac.framework",
				"${TARGET_BUILD_DIR}/${FRAMEWORKS_FOLDER_PATH}/KMPlaceholderTextView.framework",
				"${TARGET_BUILD_DIR}/${FRAMEWORKS_FOLDER_PATH}/Kingfisher.framework",
				"${TARGET_BUILD_DIR}/${FRAMEWORKS_FOLDER_PATH}/ObjectMapper.framework",
				"${TARGET_BUILD_DIR}/${FRAMEWORKS_FOLDER_PATH}/Pulley.framework",
				"${TARGET_BUILD_DIR}/${FRAMEWORKS_FOLDER_PATH}/RxCocoa.framework",
				"${TARGET_BUILD_DIR}/${FRAMEWORKS_FOLDER_PATH}/RxSwift.framework",
				"${TARGET_BUILD_DIR}/${FRAMEWORKS_FOLDER_PATH}/SwiftMessages.framework",
				"${TARGET_BUILD_DIR}/${FRAMEWORKS_FOLDER_PATH}/SwiftyJSON.framework",
				"${TARGET_BUILD_DIR}/${FRAMEWORKS_FOLDER_PATH}/UIAlertView_Blocks.framework",
			);
			runOnlyForDeploymentPostprocessing = 0;
			shellPath = /bin/sh;
			shellScript = "\"${SRCROOT}/Pods/Target Support Files/Pods-BDS/Pods-BDS-frameworks.sh\"\n";
			showEnvVarsInLog = 0;
		};
		D6AB7C6040764B236D6060A5 /* [CP] Check Pods Manifest.lock */ = {
			isa = PBXShellScriptBuildPhase;
			buildActionMask = 2147483647;
			files = (
			);
			inputPaths = (
				"${PODS_PODFILE_DIR_PATH}/Podfile.lock",
				"${PODS_ROOT}/Manifest.lock",
			);
			name = "[CP] Check Pods Manifest.lock";
			outputPaths = (
				"$(DERIVED_FILE_DIR)/Pods-BDSUITests-checkManifestLockResult.txt",
			);
			runOnlyForDeploymentPostprocessing = 0;
			shellPath = /bin/sh;
			shellScript = "diff \"${PODS_PODFILE_DIR_PATH}/Podfile.lock\" \"${PODS_ROOT}/Manifest.lock\" > /dev/null\nif [ $? != 0 ] ; then\n    # print error to STDERR\n    echo \"error: The sandbox is not in sync with the Podfile.lock. Run 'pod install' or update your CocoaPods installation.\" >&2\n    exit 1\nfi\n# This output is used by Xcode 'outputs' to avoid re-running this script phase.\necho \"SUCCESS\" > \"${SCRIPT_OUTPUT_FILE_0}\"\n";
			showEnvVarsInLog = 0;
		};
		E6C05AEC33E38A93A3895753 /* [CP] Copy Pods Resources */ = {
			isa = PBXShellScriptBuildPhase;
			buildActionMask = 2147483647;
			files = (
			);
			inputPaths = (
				"${SRCROOT}/Pods/Target Support Files/Pods-BDS/Pods-BDS-resources.sh",
				"${PODS_ROOT}/GoogleMaps/Maps/Frameworks/GoogleMaps.framework/Resources/GoogleMaps.bundle",
				"${PODS_ROOT}/GooglePlaces/Frameworks/GooglePlaces.framework/Resources/GooglePlaces.bundle",
				"${PODS_ROOT}/GoogleSignIn/Resources/GoogleSignIn.bundle",
			);
			name = "[CP] Copy Pods Resources";
			outputPaths = (
				"${TARGET_BUILD_DIR}/${UNLOCALIZED_RESOURCES_FOLDER_PATH}",
			);
			runOnlyForDeploymentPostprocessing = 0;
			shellPath = /bin/sh;
			shellScript = "\"${SRCROOT}/Pods/Target Support Files/Pods-BDS/Pods-BDS-resources.sh\"\n";
			showEnvVarsInLog = 0;
		};
/* End PBXShellScriptBuildPhase section */

/* Begin PBXSourcesBuildPhase section */
		139E64561FCF030300117E0B /* Sources */ = {
			isa = PBXSourcesBuildPhase;
			buildActionMask = 2147483647;
			files = (
				1344BE281FD159E000498108 /* PopupCategoryNewsViewController.swift in Sources */,
				1344BE061FD12E4100498108 /* LandForSaleViewCell.swift in Sources */,
				1344BE261FD159CB00498108 /* PopupCategoryNewsViewCell.swift in Sources */,
				1344BE131FD143F700498108 /* ContactsViewController.swift in Sources */,
				13AB37631FCF9EA6000BA67D /* HomeViewController.swift in Sources */,
				139E64C71FCF08C000117E0B /* LoginViewController.swift in Sources */,
				139E64A11FCF076700117E0B /* ExtensionUIImageView.swift in Sources */,
				139E64B11FCF07F800117E0B /* HeaderViewController.swift in Sources */,
				13195E251FD05B4600C60533 /* HomeMenuViewController.swift in Sources */,
				139E64901FCF049400117E0B /* Result.swift in Sources */,
				13FB33121FD2C33C00FC5B55 /* ModelCity.swift in Sources */,
				139E64971FCF04BA00117E0B /* ExtensionDate.swift in Sources */,
				139E64601FCF030300117E0B /* ViewController.swift in Sources */,
				1344BE181FD149D800498108 /* SearchContactViewController.swift in Sources */,
				139E64911FCF049400117E0B /* API.swift in Sources */,
				13AB37641FCF9EA6000BA67D /* TutorialPageViewController.swift in Sources */,
				13372E8F1FD009A300041A57 /* GetViewXib.swift in Sources */,
				1344BE1F1FD14E2F00498108 /* SearchProjectsViewController.swift in Sources */,
				139E64B61FCF083900117E0B /* ItemViewCellMenu.swift in Sources */,
				139E64C31FCF088000117E0B /* UISideMenuNavigationController.swift in Sources */,
				1344BE2A1FD15E4B00498108 /* DetailNewsViewController.swift in Sources */,
				139E64C21FCF088000117E0B /* SideMenuTransition.swift in Sources */,
				13FB33141FD2F0B800FC5B55 /* Util.swift in Sources */,
				1344BE041FD12E3000498108 /* LandForSaleViewController.swift in Sources */,
				13AB376D1FCFA056000BA67D /* BaseTableViewController.swift in Sources */,
				13AB37661FCF9EAD000BA67D /* NaviHomeViewController.swift in Sources */,
				1344BE231FD1559200498108 /* NewsViewCell.swift in Sources */,
				1344BE0E1FD1417400498108 /* ProjectViewCell.swift in Sources */,
				139E64CD1FCF08DB00117E0B /* SingUpViewController.swift in Sources */,
				1344BE0C1FD1415B00498108 /* ProjectsViewController.swift in Sources */,
				13372E8C1FD0093400041A57 /* InforUserViewController.swift in Sources */,
				13372E971FD00C3300041A57 /* EditInforUserViewController.swift in Sources */,
				139E64C11FCF088000117E0B /* SideMenuManager.swift in Sources */,
				139E64921FCF049400117E0B /* APIClient.swift in Sources */,
				139E64981FCF04BA00117E0B /* ExtensionString.swift in Sources */,
				1344BE091FD13EEF00498108 /* NewsLikeViewController.swift in Sources */,
				139E64AB1FCF07E500117E0B /* ModelPicker.swift in Sources */,
				139E64C81FCF08C000117E0B /* ContainerViewController.swift in Sources */,
				1344BE2C1FD15EEB00498108 /* ExtensionUILabel.swift in Sources */,
				139E64B91FCF084900117E0B /* ItemMenuObject.swift in Sources */,
				139E64A51FCF07C600117E0B /* MIDatePicker.swift in Sources */,
				1344BE111FD143E900498108 /* ContactViewCell.swift in Sources */,
				139E645E1FCF030300117E0B /* AppDelegate.swift in Sources */,
				13195E281FD05DC500C60533 /* MapsViewController.swift in Sources */,
				1344BE2E1FD162F100498108 /* SearchLandForSaleViewController.swift in Sources */,
				1344BE211FD1558200498108 /* NewsViewController.swift in Sources */,
				134E23DD1FD0F8CD005387B7 /* InforMapsViewController.swift in Sources */,
				139E64CC1FCF08DB00117E0B /* ContainerSingUpViewController.swift in Sources */,
				139E64BC1FCF085500117E0B /* RightMenuViewController.swift in Sources */,
				139E649F1FCF050300117E0B /* CustomUIView.swift in Sources */,
				13372E9B1FD0118400041A57 /* SaveCurrentVC.swift in Sources */,
				139E64991FCF04BA00117E0B /* UIColorExtensions.swift in Sources */,
				13AB37681FCF9FAC000BA67D /* NaviLoginViewController.swift in Sources */,
				139E64AC1FCF07E500117E0B /* PickerView.swift in Sources */,
				13AB376C1FCFA056000BA67D /* BaseViewController.swift in Sources */,
			);
			runOnlyForDeploymentPostprocessing = 0;
		};
		139E646A1FCF030300117E0B /* Sources */ = {
			isa = PBXSourcesBuildPhase;
			buildActionMask = 2147483647;
			files = (
				139E64731FCF030300117E0B /* BDSTests.swift in Sources */,
			);
			runOnlyForDeploymentPostprocessing = 0;
		};
		139E64751FCF030300117E0B /* Sources */ = {
			isa = PBXSourcesBuildPhase;
			buildActionMask = 2147483647;
			files = (
				139E647E1FCF030300117E0B /* BDSUITests.swift in Sources */,
			);
			runOnlyForDeploymentPostprocessing = 0;
		};
/* End PBXSourcesBuildPhase section */

/* Begin PBXTargetDependency section */
		139E64701FCF030300117E0B /* PBXTargetDependency */ = {
			isa = PBXTargetDependency;
			target = 139E64591FCF030300117E0B /* BDS */;
			targetProxy = 139E646F1FCF030300117E0B /* PBXContainerItemProxy */;
		};
		139E647B1FCF030300117E0B /* PBXTargetDependency */ = {
			isa = PBXTargetDependency;
			target = 139E64591FCF030300117E0B /* BDS */;
			targetProxy = 139E647A1FCF030300117E0B /* PBXContainerItemProxy */;
		};
/* End PBXTargetDependency section */

/* Begin PBXVariantGroup section */
		139E64611FCF030300117E0B /* Main.storyboard */ = {
			isa = PBXVariantGroup;
			children = (
				139E64621FCF030300117E0B /* Base */,
			);
			name = Main.storyboard;
			sourceTree = "<group>";
		};
		139E64661FCF030300117E0B /* LaunchScreen.storyboard */ = {
			isa = PBXVariantGroup;
			children = (
				139E64671FCF030300117E0B /* Base */,
			);
			name = LaunchScreen.storyboard;
			sourceTree = "<group>";
		};
/* End PBXVariantGroup section */

/* Begin XCBuildConfiguration section */
		139E64801FCF030300117E0B /* Debug */ = {
			isa = XCBuildConfiguration;
			buildSettings = {
				ALWAYS_SEARCH_USER_PATHS = NO;
				CLANG_ANALYZER_NONNULL = YES;
				CLANG_ANALYZER_NUMBER_OBJECT_CONVERSION = YES_AGGRESSIVE;
				CLANG_CXX_LANGUAGE_STANDARD = "gnu++14";
				CLANG_CXX_LIBRARY = "libc++";
				CLANG_ENABLE_MODULES = YES;
				CLANG_ENABLE_OBJC_ARC = YES;
				CLANG_WARN_BLOCK_CAPTURE_AUTORELEASING = YES;
				CLANG_WARN_BOOL_CONVERSION = YES;
				CLANG_WARN_COMMA = YES;
				CLANG_WARN_CONSTANT_CONVERSION = YES;
				CLANG_WARN_DIRECT_OBJC_ISA_USAGE = YES_ERROR;
				CLANG_WARN_DOCUMENTATION_COMMENTS = YES;
				CLANG_WARN_EMPTY_BODY = YES;
				CLANG_WARN_ENUM_CONVERSION = YES;
				CLANG_WARN_INFINITE_RECURSION = YES;
				CLANG_WARN_INT_CONVERSION = YES;
				CLANG_WARN_NON_LITERAL_NULL_CONVERSION = YES;
				CLANG_WARN_OBJC_LITERAL_CONVERSION = YES;
				CLANG_WARN_OBJC_ROOT_CLASS = YES_ERROR;
				CLANG_WARN_RANGE_LOOP_ANALYSIS = YES;
				CLANG_WARN_STRICT_PROTOTYPES = YES;
				CLANG_WARN_SUSPICIOUS_MOVE = YES;
				CLANG_WARN_UNGUARDED_AVAILABILITY = YES_AGGRESSIVE;
				CLANG_WARN_UNREACHABLE_CODE = YES;
				CLANG_WARN__DUPLICATE_METHOD_MATCH = YES;
				CODE_SIGN_IDENTITY = "iPhone Developer";
				COPY_PHASE_STRIP = NO;
				DEBUG_INFORMATION_FORMAT = dwarf;
				ENABLE_STRICT_OBJC_MSGSEND = YES;
				ENABLE_TESTABILITY = YES;
				GCC_C_LANGUAGE_STANDARD = gnu11;
				GCC_DYNAMIC_NO_PIC = NO;
				GCC_NO_COMMON_BLOCKS = YES;
				GCC_OPTIMIZATION_LEVEL = 0;
				GCC_PREPROCESSOR_DEFINITIONS = (
					"DEBUG=1",
					"$(inherited)",
				);
				GCC_WARN_64_TO_32_BIT_CONVERSION = YES;
				GCC_WARN_ABOUT_RETURN_TYPE = YES_ERROR;
				GCC_WARN_UNDECLARED_SELECTOR = YES;
				GCC_WARN_UNINITIALIZED_AUTOS = YES_AGGRESSIVE;
				GCC_WARN_UNUSED_FUNCTION = YES;
				GCC_WARN_UNUSED_VARIABLE = YES;
				IPHONEOS_DEPLOYMENT_TARGET = 11.1;
				MTL_ENABLE_DEBUG_INFO = YES;
				ONLY_ACTIVE_ARCH = YES;
				SDKROOT = iphoneos;
				SWIFT_ACTIVE_COMPILATION_CONDITIONS = DEBUG;
				SWIFT_OPTIMIZATION_LEVEL = "-Onone";
			};
			name = Debug;
		};
		139E64811FCF030300117E0B /* Release */ = {
			isa = XCBuildConfiguration;
			buildSettings = {
				ALWAYS_SEARCH_USER_PATHS = NO;
				CLANG_ANALYZER_NONNULL = YES;
				CLANG_ANALYZER_NUMBER_OBJECT_CONVERSION = YES_AGGRESSIVE;
				CLANG_CXX_LANGUAGE_STANDARD = "gnu++14";
				CLANG_CXX_LIBRARY = "libc++";
				CLANG_ENABLE_MODULES = YES;
				CLANG_ENABLE_OBJC_ARC = YES;
				CLANG_WARN_BLOCK_CAPTURE_AUTORELEASING = YES;
				CLANG_WARN_BOOL_CONVERSION = YES;
				CLANG_WARN_COMMA = YES;
				CLANG_WARN_CONSTANT_CONVERSION = YES;
				CLANG_WARN_DIRECT_OBJC_ISA_USAGE = YES_ERROR;
				CLANG_WARN_DOCUMENTATION_COMMENTS = YES;
				CLANG_WARN_EMPTY_BODY = YES;
				CLANG_WARN_ENUM_CONVERSION = YES;
				CLANG_WARN_INFINITE_RECURSION = YES;
				CLANG_WARN_INT_CONVERSION = YES;
				CLANG_WARN_NON_LITERAL_NULL_CONVERSION = YES;
				CLANG_WARN_OBJC_LITERAL_CONVERSION = YES;
				CLANG_WARN_OBJC_ROOT_CLASS = YES_ERROR;
				CLANG_WARN_RANGE_LOOP_ANALYSIS = YES;
				CLANG_WARN_STRICT_PROTOTYPES = YES;
				CLANG_WARN_SUSPICIOUS_MOVE = YES;
				CLANG_WARN_UNGUARDED_AVAILABILITY = YES_AGGRESSIVE;
				CLANG_WARN_UNREACHABLE_CODE = YES;
				CLANG_WARN__DUPLICATE_METHOD_MATCH = YES;
				CODE_SIGN_IDENTITY = "iPhone Developer";
				COPY_PHASE_STRIP = NO;
				DEBUG_INFORMATION_FORMAT = "dwarf-with-dsym";
				ENABLE_NS_ASSERTIONS = NO;
				ENABLE_STRICT_OBJC_MSGSEND = YES;
				GCC_C_LANGUAGE_STANDARD = gnu11;
				GCC_NO_COMMON_BLOCKS = YES;
				GCC_WARN_64_TO_32_BIT_CONVERSION = YES;
				GCC_WARN_ABOUT_RETURN_TYPE = YES_ERROR;
				GCC_WARN_UNDECLARED_SELECTOR = YES;
				GCC_WARN_UNINITIALIZED_AUTOS = YES_AGGRESSIVE;
				GCC_WARN_UNUSED_FUNCTION = YES;
				GCC_WARN_UNUSED_VARIABLE = YES;
				IPHONEOS_DEPLOYMENT_TARGET = 11.1;
				MTL_ENABLE_DEBUG_INFO = NO;
				SDKROOT = iphoneos;
				SWIFT_OPTIMIZATION_LEVEL = "-Owholemodule";
				VALIDATE_PRODUCT = YES;
			};
			name = Release;
		};
		139E64831FCF030300117E0B /* Debug */ = {
			isa = XCBuildConfiguration;
			baseConfigurationReference = 9EDAE37C4ABF18F1000C435A /* Pods-BDS.debug.xcconfig */;
			buildSettings = {
				ASSETCATALOG_COMPILER_APPICON_NAME = AppIcon;
				CODE_SIGN_STYLE = Automatic;
				DEVELOPMENT_TEAM = HGL8WW52HU;
				INFOPLIST_FILE = BDS/Info.plist;
				IPHONEOS_DEPLOYMENT_TARGET = 9.0;
				LD_RUNPATH_SEARCH_PATHS = "$(inherited) @executable_path/Frameworks";
				PRODUCT_BUNDLE_IDENTIFIER = com.huy.BDS.vn;
				PRODUCT_NAME = "$(TARGET_NAME)";
				SWIFT_VERSION = 3.0;
				TARGETED_DEVICE_FAMILY = "1,2";
			};
			name = Debug;
		};
		139E64841FCF030300117E0B /* Release */ = {
			isa = XCBuildConfiguration;
			baseConfigurationReference = 2606DAFFDB4CDFDC8A3E08E1 /* Pods-BDS.release.xcconfig */;
			buildSettings = {
				ASSETCATALOG_COMPILER_APPICON_NAME = AppIcon;
				CODE_SIGN_STYLE = Automatic;
				DEVELOPMENT_TEAM = HGL8WW52HU;
				INFOPLIST_FILE = BDS/Info.plist;
				IPHONEOS_DEPLOYMENT_TARGET = 9.0;
				LD_RUNPATH_SEARCH_PATHS = "$(inherited) @executable_path/Frameworks";
				PRODUCT_BUNDLE_IDENTIFIER = com.huy.BDS.vn;
				PRODUCT_NAME = "$(TARGET_NAME)";
				SWIFT_VERSION = 3.0;
				TARGETED_DEVICE_FAMILY = "1,2";
			};
			name = Release;
		};
		139E64861FCF030300117E0B /* Debug */ = {
			isa = XCBuildConfiguration;
			baseConfigurationReference = E3EFA7C5BB360A95013152A3 /* Pods-BDSTests.debug.xcconfig */;
			buildSettings = {
				ALWAYS_EMBED_SWIFT_STANDARD_LIBRARIES = YES;
				BUNDLE_LOADER = "$(TEST_HOST)";
				CODE_SIGN_STYLE = Automatic;
				INFOPLIST_FILE = BDSTests/Info.plist;
				LD_RUNPATH_SEARCH_PATHS = "$(inherited) @executable_path/Frameworks @loader_path/Frameworks";
				PRODUCT_BUNDLE_IDENTIFIER = com.huy.BDSTests;
				PRODUCT_NAME = "$(TARGET_NAME)";
				SWIFT_VERSION = 4.0;
				TARGETED_DEVICE_FAMILY = "1,2";
				TEST_HOST = "$(BUILT_PRODUCTS_DIR)/BDS.app/BDS";
			};
			name = Debug;
		};
		139E64871FCF030300117E0B /* Release */ = {
			isa = XCBuildConfiguration;
			baseConfigurationReference = 9BAE4B0B6757005A3C69BD2D /* Pods-BDSTests.release.xcconfig */;
			buildSettings = {
				ALWAYS_EMBED_SWIFT_STANDARD_LIBRARIES = YES;
				BUNDLE_LOADER = "$(TEST_HOST)";
				CODE_SIGN_STYLE = Automatic;
				INFOPLIST_FILE = BDSTests/Info.plist;
				LD_RUNPATH_SEARCH_PATHS = "$(inherited) @executable_path/Frameworks @loader_path/Frameworks";
				PRODUCT_BUNDLE_IDENTIFIER = com.huy.BDSTests;
				PRODUCT_NAME = "$(TARGET_NAME)";
				SWIFT_VERSION = 4.0;
				TARGETED_DEVICE_FAMILY = "1,2";
				TEST_HOST = "$(BUILT_PRODUCTS_DIR)/BDS.app/BDS";
			};
			name = Release;
		};
		139E64891FCF030300117E0B /* Debug */ = {
			isa = XCBuildConfiguration;
			baseConfigurationReference = 7FAE74201135EFE1B63FFA08 /* Pods-BDSUITests.debug.xcconfig */;
			buildSettings = {
				ALWAYS_EMBED_SWIFT_STANDARD_LIBRARIES = YES;
				CODE_SIGN_STYLE = Automatic;
				INFOPLIST_FILE = BDSUITests/Info.plist;
				LD_RUNPATH_SEARCH_PATHS = "$(inherited) @executable_path/Frameworks @loader_path/Frameworks";
				PRODUCT_BUNDLE_IDENTIFIER = com.huy.BDSUITests;
				PRODUCT_NAME = "$(TARGET_NAME)";
				SWIFT_VERSION = 4.0;
				TARGETED_DEVICE_FAMILY = "1,2";
				TEST_TARGET_NAME = BDS;
			};
			name = Debug;
		};
		139E648A1FCF030300117E0B /* Release */ = {
			isa = XCBuildConfiguration;
			baseConfigurationReference = A71483AE8F5B58DFCA958F97 /* Pods-BDSUITests.release.xcconfig */;
			buildSettings = {
				ALWAYS_EMBED_SWIFT_STANDARD_LIBRARIES = YES;
				CODE_SIGN_STYLE = Automatic;
				INFOPLIST_FILE = BDSUITests/Info.plist;
				LD_RUNPATH_SEARCH_PATHS = "$(inherited) @executable_path/Frameworks @loader_path/Frameworks";
				PRODUCT_BUNDLE_IDENTIFIER = com.huy.BDSUITests;
				PRODUCT_NAME = "$(TARGET_NAME)";
				SWIFT_VERSION = 4.0;
				TARGETED_DEVICE_FAMILY = "1,2";
				TEST_TARGET_NAME = BDS;
			};
			name = Release;
		};
/* End XCBuildConfiguration section */

/* Begin XCConfigurationList section */
		139E64551FCF030300117E0B /* Build configuration list for PBXProject "BDS" */ = {
			isa = XCConfigurationList;
			buildConfigurations = (
				139E64801FCF030300117E0B /* Debug */,
				139E64811FCF030300117E0B /* Release */,
			);
			defaultConfigurationIsVisible = 0;
			defaultConfigurationName = Release;
		};
		139E64821FCF030300117E0B /* Build configuration list for PBXNativeTarget "BDS" */ = {
			isa = XCConfigurationList;
			buildConfigurations = (
				139E64831FCF030300117E0B /* Debug */,
				139E64841FCF030300117E0B /* Release */,
			);
			defaultConfigurationIsVisible = 0;
			defaultConfigurationName = Release;
		};
		139E64851FCF030300117E0B /* Build configuration list for PBXNativeTarget "BDSTests" */ = {
			isa = XCConfigurationList;
			buildConfigurations = (
				139E64861FCF030300117E0B /* Debug */,
				139E64871FCF030300117E0B /* Release */,
			);
			defaultConfigurationIsVisible = 0;
			defaultConfigurationName = Release;
		};
		139E64881FCF030300117E0B /* Build configuration list for PBXNativeTarget "BDSUITests" */ = {
			isa = XCConfigurationList;
			buildConfigurations = (
				139E64891FCF030300117E0B /* Debug */,
				139E648A1FCF030300117E0B /* Release */,
			);
			defaultConfigurationIsVisible = 0;
			defaultConfigurationName = Release;
		};
/* End XCConfigurationList section */
	};
	rootObject = 139E64521FCF030300117E0B /* Project object */;
}
